
Microsoft Visual Studio Solution File, Format Version 12.00
Project("{FAE04EC0-301F-11D3-BF4B-00C04F79EFBC}") = "psycho-clinic", "psycho-clinic\psycho-clinic.csproj", "{890D5AAF-A612-4CDD-9CC1-65477A2169D8}"
EndProject
Global
	GlobalSection(SolutionConfigurationPlatforms) = preSolution
		Debug|Any CPU = Debug|Any CPU
		Release|Any CPU = Release|Any CPU
	EndGlobalSection
	GlobalSection(ProjectConfigurationPlatforms) = postSolution
		{890D5AAF-A612-4CDD-9CC1-65477A2169D8}.Debug|Any CPU.ActiveCfg = Debug|Any CPU
		{890D5AAF-A612-4CDD-9CC1-65477A2169D8}.Debug|Any CPU.Build.0 = Debug|Any CPU
		{890D5AAF-A612-4CDD-9CC1-65477A2169D8}.Release|Any CPU.ActiveCfg = Release|Any CPU
		{890D5AAF-A612-4CDD-9CC1-65477A2169D8}.Release|Any CPU.Build.0 = Release|Any CPU
	EndGlobalSection
EndGlobal
